
Microsoft Visual Studio Solution File, Format Version 12.00
# Visual Studio Version 17
VisualStudioVersion = 17.11.35222.181
MinimumVisualStudioVersion = 10.0.40219.1
Project("{FAE04EC0-301F-11D3-BF4B-00C04F79EFBC}") = "03Ridimensiona.2", "03Ridimensiona.2\03Ridimensiona.2.csproj", "{C750D648-A67E-4095-8A3D-9A8DAEB36600}"
EndProject
Global
	GlobalSection(SolutionConfigurationPlatforms) = preSolution
		Debug|Any CPU = Debug|Any CPU
		Release|Any CPU = Release|Any CPU
	EndGlobalSection
	GlobalSection(ProjectConfigurationPlatforms) = postSolution
		{C750D648-A67E-4095-8A3D-9A8DAEB36600}.Debug|Any CPU.ActiveCfg = Debug|Any CPU
		{C750D648-A67E-4095-8A3D-9A8DAEB36600}.Debug|Any CPU.Build.0 = Debug|Any CPU
		{C750D648-A67E-4095-8A3D-9A8DAEB36600}.Debug|Any CPU.Deploy.0 = Debug|Any CPU
		{C750D648-A67E-4095-8A3D-9A8DAEB36600}.Release|Any CPU.ActiveCfg = Release|Any CPU
		{C750D648-A67E-4095-8A3D-9A8DAEB36600}.Release|Any CPU.Build.0 = Release|Any CPU
		{C750D648-A67E-4095-8A3D-9A8DAEB36600}.Release|Any CPU.Deploy.0 = Release|Any CPU
	EndGlobalSection
	GlobalSection(SolutionProperties) = preSolution
		HideSolutionNode = FALSE
	EndGlobalSection
	GlobalSection(ExtensibilityGlobals) = postSolution
		SolutionGuid = {A02F4D0F-9E5E-41EC-BEE4-ABD0E684EA61}
	EndGlobalSection
EndGlobal
